
Microsoft Visual Studio Solution File, Format Version 12.00
# Visual Studio Version 17
VisualStudioVersion = 17.1.32407.343
MinimumVisualStudioVersion = 10.0.40219.1
Project("{FAE04EC0-301F-11D3-BF4B-00C04F79EFBC}") = "Ej2", "Ej2\Ej2.csproj", "{A9937FC0-F5A0-40FB-BA65-BB592BD96D03}"
EndProject
Global
	GlobalSection(SolutionConfigurationPlatforms) = preSolution
		Debug|Any CPU = Debug|Any CPU
		Release|Any CPU = Release|Any CPU
	EndGlobalSection
	GlobalSection(ProjectConfigurationPlatforms) = postSolution
		{A9937FC0-F5A0-40FB-BA65-BB592BD96D03}.Debug|Any CPU.ActiveCfg = Debug|Any CPU
		{A9937FC0-F5A0-40FB-BA65-BB592BD96D03}.Debug|Any CPU.Build.0 = Debug|Any CPU
		{A9937FC0-F5A0-40FB-BA65-BB592BD96D03}.Release|Any CPU.ActiveCfg = Release|Any CPU
		{A9937FC0-F5A0-40FB-BA65-BB592BD96D03}.Release|Any CPU.Build.0 = Release|Any CPU
	EndGlobalSection
	GlobalSection(SolutionProperties) = preSolution
		HideSolutionNode = FALSE
	EndGlobalSection
	GlobalSection(ExtensibilityGlobals) = postSolution
		SolutionGuid = {D270C207-4D2F-444E-A593-6EBFE97AB6B0}
	EndGlobalSection
EndGlobal
